
Microsoft Visual Studio Solution File, Format Version 12.00
# Visual Studio Version 17
VisualStudioVersion = 17.6.33712.159
MinimumVisualStudioVersion = 10.0.40219.1
Project("{FAE04EC0-301F-11D3-BF4B-00C04F79EFBC}") = "BNS_Purple", "BNS_Purple\BNS_Purple.csproj", "{9D7F27DB-2FA8-4296-8DFC-FC8885090AA6}"
EndProject
Global
	GlobalSection(SolutionConfigurationPlatforms) = preSolution
		Debug|Any CPU = Debug|Any CPU
		Release|Any CPU = Release|Any CPU
	EndGlobalSection
	GlobalSection(ProjectConfigurationPlatforms) = postSolution
		{9D7F27DB-2FA8-4296-8DFC-FC8885090AA6}.Debug|Any CPU.ActiveCfg = Debug|Any CPU
		{9D7F27DB-2FA8-4296-8DFC-FC8885090AA6}.Debug|Any CPU.Build.0 = Debug|Any CPU
		{9D7F27DB-2FA8-4296-8DFC-FC8885090AA6}.Release|Any CPU.ActiveCfg = Release|Any CPU
		{9D7F27DB-2FA8-4296-8DFC-FC8885090AA6}.Release|Any CPU.Build.0 = Release|Any CPU
	EndGlobalSection
	GlobalSection(SolutionProperties) = preSolution
		HideSolutionNode = FALSE
	EndGlobalSection
	GlobalSection(ExtensibilityGlobals) = postSolution
		SolutionGuid = {F632303F-8805-482C-874A-C10DDD617148}
	EndGlobalSection
EndGlobal
